{
  "name": "emojis-list",
  "version": "2.1.0",
  "lockfileVersion": 1,
  "requires": true,
  "dependencies": {
    "emoji-list": {
      "version": "1.0.2",
      "resolved": "https://registry.npmjs.org/emoji-list/-/emoji-list-1.0.2.tgz",
      "integrity": "sha1-E9EzjwDobsN7zP7cSaMYCe/EVWk="
    }
  }
}
